// !$*UTF8*$!
{
	archiveVersion = 1;
	classes = {
	};
	objectVersion = 56;
	objects = {

/* Begin PBXBuildFile section */
		520637722A31DE0D004A5704 /* WishListTableViewCell.swift in Sources */ = {isa = PBXBuildFile; fileRef = 520637712A31DE0D004A5704 /* WishListTableViewCell.swift */; };
		525043C92A3607D500DC12A8 /* CommentListViewController.swift in Sources */ = {isa = PBXBuildFile; fileRef = 525043C82A3607D500DC12A8 /* CommentListViewController.swift */; };
		525A968729F9575A0042DB89 /* AppDelegate.swift in Sources */ = {isa = PBXBuildFile; fileRef = 525A968629F9575A0042DB89 /* AppDelegate.swift */; };
		525A968929F9575A0042DB89 /* SceneDelegate.swift in Sources */ = {isa = PBXBuildFile; fileRef = 525A968829F9575A0042DB89 /* SceneDelegate.swift */; };
		525A968B29F9575A0042DB89 /* EntryViewController.swift in Sources */ = {isa = PBXBuildFile; fileRef = 525A968A29F9575A0042DB89 /* EntryViewController.swift */; };
		525A968E29F9575A0042DB89 /* Main.storyboard in Resources */ = {isa = PBXBuildFile; fileRef = 525A968C29F9575A0042DB89 /* Main.storyboard */; };
		525A969029F9575B0042DB89 /* Assets.xcassets in Resources */ = {isa = PBXBuildFile; fileRef = 525A968F29F9575B0042DB89 /* Assets.xcassets */; };
		525A969329F9575B0042DB89 /* LaunchScreen.storyboard in Resources */ = {isa = PBXBuildFile; fileRef = 525A969129F9575B0042DB89 /* LaunchScreen.storyboard */; };
		525A969E29F9575B0042DB89 /* Route_IstanbulTests.swift in Sources */ = {isa = PBXBuildFile; fileRef = 525A969D29F9575B0042DB89 /* Route_IstanbulTests.swift */; };
		525A96A829F9575B0042DB89 /* Route_IstanbulUITests.swift in Sources */ = {isa = PBXBuildFile; fileRef = 525A96A729F9575B0042DB89 /* Route_IstanbulUITests.swift */; };
		525A96AA29F9575B0042DB89 /* Route_IstanbulUITestsLaunchTests.swift in Sources */ = {isa = PBXBuildFile; fileRef = 525A96A929F9575B0042DB89 /* Route_IstanbulUITestsLaunchTests.swift */; };
		525A96B929F95EF30042DB89 /* EntryUpCollectionViewCell.swift in Sources */ = {isa = PBXBuildFile; fileRef = 525A96B829F95EF30042DB89 /* EntryUpCollectionViewCell.swift */; };
		5280ADEF2A00F4A7002C3831 /* HistoriesByCategoryCollectionViewCell.swift in Sources */ = {isa = PBXBuildFile; fileRef = 5280ADEE2A00F4A7002C3831 /* HistoriesByCategoryCollectionViewCell.swift */; };
		5280ADF12A00F714002C3831 /* HistoriesByCategories.swift in Sources */ = {isa = PBXBuildFile; fileRef = 5280ADF02A00F714002C3831 /* HistoriesByCategories.swift */; };
		528CC39C2A52DE7500727DA3 /* FirebaseStorage in Frameworks */ = {isa = PBXBuildFile; productRef = 528CC39B2A52DE7500727DA3 /* FirebaseStorage */; };
		5298E0472A42F2490045C218 /* FirebaseAuth in Frameworks */ = {isa = PBXBuildFile; productRef = 5298E0462A42F2490045C218 /* FirebaseAuth */; };
		529A6F462A2DDFAE0090E59C /* CategoriesTableViewCell.swift in Sources */ = {isa = PBXBuildFile; fileRef = 529A6F452A2DDFAE0090E59C /* CategoriesTableViewCell.swift */; };
		529A6F482A2DE0300090E59C /* CategoryViewController.swift in Sources */ = {isa = PBXBuildFile; fileRef = 529A6F472A2DE0300090E59C /* CategoryViewController.swift */; };
		52B28F002A5F129700FA7596 /* HistoriesDetailViewController.swift in Sources */ = {isa = PBXBuildFile; fileRef = 5280ADF22A00F728002C3831 /* HistoriesDetailViewController.swift */; };
		52BCD4442A371E7000D430C5 /* Comments.swift in Sources */ = {isa = PBXBuildFile; fileRef = 52BCD4432A371E7000D430C5 /* Comments.swift */; };
		52BCD4462A3724C600D430C5 /* CommentConstants.swift in Sources */ = {isa = PBXBuildFile; fileRef = 52BCD4452A3724C600D430C5 /* CommentConstants.swift */; };
		52BCD4482A372EE800D430C5 /* Ideas.swift in Sources */ = {isa = PBXBuildFile; fileRef = 52BCD4472A372EE800D430C5 /* Ideas.swift */; };
		52BCD44A2A3730FA00D430C5 /* IdeasTableViewCell.swift in Sources */ = {isa = PBXBuildFile; fileRef = 52BCD4492A3730FA00D430C5 /* IdeasTableViewCell.swift */; };
		52BF60FC2A308AD200D62731 /* WishListViewController.swift in Sources */ = {isa = PBXBuildFile; fileRef = 52BF60FB2A308AD200D62731 /* WishListViewController.swift */; };
		52BF60FE2A30901500D62731 /* AllHistoriesViewController.swift in Sources */ = {isa = PBXBuildFile; fileRef = 52BF60FD2A30901500D62731 /* AllHistoriesViewController.swift */; };
		52BF61002A30A89600D62731 /* AllHistoriesCollectionViewCell.swift in Sources */ = {isa = PBXBuildFile; fileRef = 52BF60FF2A30A89600D62731 /* AllHistoriesCollectionViewCell.swift */; };
		52CEDAE32A457EBE00D6B645 /* FavoriteTableViewCell.swift in Sources */ = {isa = PBXBuildFile; fileRef = 52CEDAE22A457EBE00D6B645 /* FavoriteTableViewCell.swift */; };
		52DACAC02A346042003CD8EF /* FirebaseFirestore in Frameworks */ = {isa = PBXBuildFile; productRef = 52DACABF2A346042003CD8EF /* FirebaseFirestore */; };
		52DACAC22A346C73003CD8EF /* AddIdeaViewController.swift in Sources */ = {isa = PBXBuildFile; fileRef = 52DACAC12A346C73003CD8EF /* AddIdeaViewController.swift */; };
		52DE07A22A0BDAF60093DB06 /* DetailInfViewController.swift in Sources */ = {isa = PBXBuildFile; fileRef = 52DE07A12A0BDAF60093DB06 /* DetailInfViewController.swift */; };
		52E3E3532A2B139700CF5103 /* HomeViewController.swift in Sources */ = {isa = PBXBuildFile; fileRef = 52E3E3522A2B139700CF5103 /* HomeViewController.swift */; };
		52E3E3552A2B13C500CF5103 /* EmailSignUpViewController.swift in Sources */ = {isa = PBXBuildFile; fileRef = 52E3E3542A2B13C500CF5103 /* EmailSignUpViewController.swift */; };
		52E3E3572A2B140C00CF5103 /* LogInViewController.swift in Sources */ = {isa = PBXBuildFile; fileRef = 52E3E3562A2B140C00CF5103 /* LogInViewController.swift */; };
		52E7BE012A14BD1C00576FAB /* EntryBottomCollectionViewCell.swift in Sources */ = {isa = PBXBuildFile; fileRef = 52E7BE002A14BD1C00576FAB /* EntryBottomCollectionViewCell.swift */; };
		52E8BC1E2A3CFD5F008D20AE /* FavoriteViewController.swift in Sources */ = {isa = PBXBuildFile; fileRef = 52E8BC1D2A3CFD5F008D20AE /* FavoriteViewController.swift */; };
		52ECA1F42A40636600E52D1A /* MapKit.framework in Frameworks */ = {isa = PBXBuildFile; fileRef = 52ECA1F32A40636600E52D1A /* MapKit.framework */; };
		52F0D7862A053FE600112152 /* GoogleService-Info.plist in Resources */ = {isa = PBXBuildFile; fileRef = 52F0D7852A053FE600112152 /* GoogleService-Info.plist */; };
		52F0D7892A05402000112152 /* FirebaseDatabase in Frameworks */ = {isa = PBXBuildFile; productRef = 52F0D7882A05402000112152 /* FirebaseDatabase */; };
		52F0D78B2A0541CA00112152 /* Categories.swift in Sources */ = {isa = PBXBuildFile; fileRef = 52F0D78A2A0541CA00112152 /* Categories.swift */; };
		52F0D78D2A0541FF00112152 /* Histories.swift in Sources */ = {isa = PBXBuildFile; fileRef = 52F0D78C2A0541FF00112152 /* Histories.swift */; };
/* End PBXBuildFile section */

/* Begin PBXContainerItemProxy section */
		525A969A29F9575B0042DB89 /* PBXContainerItemProxy */ = {
			isa = PBXContainerItemProxy;
			containerPortal = 525A967B29F9575A0042DB89 /* Project object */;
			proxyType = 1;
			remoteGlobalIDString = 525A968229F9575A0042DB89;
			remoteInfo = "Route Istanbul";
		};
		525A96A429F9575B0042DB89 /* PBXContainerItemProxy */ = {
			isa = PBXContainerItemProxy;
			containerPortal = 525A967B29F9575A0042DB89 /* Project object */;
			proxyType = 1;
			remoteGlobalIDString = 525A968229F9575A0042DB89;
			remoteInfo = "Route Istanbul";
		};
/* End PBXContainerItemProxy section */

/* Begin PBXFileReference section */
		520637712A31DE0D004A5704 /* WishListTableViewCell.swift */ = {isa = PBXFileReference; lastKnownFileType = sourcecode.swift; path = WishListTableViewCell.swift; sourceTree = "<group>"; };
		525043C82A3607D500DC12A8 /* CommentListViewController.swift */ = {isa = PBXFileReference; lastKnownFileType = sourcecode.swift; path = CommentListViewController.swift; sourceTree = "<group>"; };
		525A968329F9575A0042DB89 /* Route Istanbul.app */ = {isa = PBXFileReference; explicitFileType = wrapper.application; includeInIndex = 0; path = "Route Istanbul.app"; sourceTree = BUILT_PRODUCTS_DIR; };
		525A968629F9575A0042DB89 /* AppDelegate.swift */ = {isa = PBXFileReference; lastKnownFileType = sourcecode.swift; path = AppDelegate.swift; sourceTree = "<group>"; };
		525A968829F9575A0042DB89 /* SceneDelegate.swift */ = {isa = PBXFileReference; lastKnownFileType = sourcecode.swift; path = SceneDelegate.swift; sourceTree = "<group>"; };
		525A968A29F9575A0042DB89 /* EntryViewController.swift */ = {isa = PBXFileReference; lastKnownFileType = sourcecode.swift; path = EntryViewController.swift; sourceTree = "<group>"; };
		525A968D29F9575A0042DB89 /* Base */ = {isa = PBXFileReference; lastKnownFileType = file.storyboard; name = Base; path = Base.lproj/Main.storyboard; sourceTree = "<group>"; };
		525A968F29F9575B0042DB89 /* Assets.xcassets */ = {isa = PBXFileReference; lastKnownFileType = folder.assetcatalog; path = Assets.xcassets; sourceTree = "<group>"; };
		525A969229F9575B0042DB89 /* Base */ = {isa = PBXFileReference; lastKnownFileType = file.storyboard; name = Base; path = Base.lproj/LaunchScreen.storyboard; sourceTree = "<group>"; };
		525A969429F9575B0042DB89 /* Info.plist */ = {isa = PBXFileReference; lastKnownFileType = text.plist.xml; path = Info.plist; sourceTree = "<group>"; };
		525A969929F9575B0042DB89 /* Route IstanbulTests.xctest */ = {isa = PBXFileReference; explicitFileType = wrapper.cfbundle; includeInIndex = 0; path = "Route IstanbulTests.xctest"; sourceTree = BUILT_PRODUCTS_DIR; };
		525A969D29F9575B0042DB89 /* Route_IstanbulTests.swift */ = {isa = PBXFileReference; lastKnownFileType = sourcecode.swift; path = Route_IstanbulTests.swift; sourceTree = "<group>"; };
		525A96A329F9575B0042DB89 /* Route IstanbulUITests.xctest */ = {isa = PBXFileReference; explicitFileType = wrapper.cfbundle; includeInIndex = 0; path = "Route IstanbulUITests.xctest"; sourceTree = BUILT_PRODUCTS_DIR; };
		525A96A729F9575B0042DB89 /* Route_IstanbulUITests.swift */ = {isa = PBXFileReference; lastKnownFileType = sourcecode.swift; path = Route_IstanbulUITests.swift; sourceTree = "<group>"; };
		525A96A929F9575B0042DB89 /* Route_IstanbulUITestsLaunchTests.swift */ = {isa = PBXFileReference; lastKnownFileType = sourcecode.swift; path = Route_IstanbulUITestsLaunchTests.swift; sourceTree = "<group>"; };
		525A96B829F95EF30042DB89 /* EntryUpCollectionViewCell.swift */ = {isa = PBXFileReference; lastKnownFileType = sourcecode.swift; path = EntryUpCollectionViewCell.swift; sourceTree = "<group>"; };
		5280ADEE2A00F4A7002C3831 /* HistoriesByCategoryCollectionViewCell.swift */ = {isa = PBXFileReference; lastKnownFileType = sourcecode.swift; path = HistoriesByCategoryCollectionViewCell.swift; sourceTree = "<group>"; };
		5280ADF02A00F714002C3831 /* HistoriesByCategories.swift */ = {isa = PBXFileReference; lastKnownFileType = sourcecode.swift; path = HistoriesByCategories.swift; sourceTree = "<group>"; };
		5280ADF22A00F728002C3831 /* HistoriesDetailViewController.swift */ = {isa = PBXFileReference; lastKnownFileType = sourcecode.swift; path = HistoriesDetailViewController.swift; sourceTree = "<group>"; };
		528CC3992A52D5C500727DA3 /* NaturalLanguage.framework */ = {isa = PBXFileReference; lastKnownFileType = wrapper.framework; name = NaturalLanguage.framework; path = System/Library/Frameworks/NaturalLanguage.framework; sourceTree = SDKROOT; };
		529A6F452A2DDFAE0090E59C /* CategoriesTableViewCell.swift */ = {isa = PBXFileReference; lastKnownFileType = sourcecode.swift; path = CategoriesTableViewCell.swift; sourceTree = "<group>"; };
		529A6F472A2DE0300090E59C /* CategoryViewController.swift */ = {isa = PBXFileReference; lastKnownFileType = sourcecode.swift; path = CategoryViewController.swift; sourceTree = "<group>"; };
		52BCD4432A371E7000D430C5 /* Comments.swift */ = {isa = PBXFileReference; lastKnownFileType = sourcecode.swift; path = Comments.swift; sourceTree = "<group>"; };
		52BCD4452A3724C600D430C5 /* CommentConstants.swift */ = {isa = PBXFileReference; lastKnownFileType = sourcecode.swift; path = CommentConstants.swift; sourceTree = "<group>"; };
		52BCD4472A372EE800D430C5 /* Ideas.swift */ = {isa = PBXFileReference; lastKnownFileType = sourcecode.swift; path = Ideas.swift; sourceTree = "<group>"; };
		52BCD4492A3730FA00D430C5 /* IdeasTableViewCell.swift */ = {isa = PBXFileReference; lastKnownFileType = sourcecode.swift; path = IdeasTableViewCell.swift; sourceTree = "<group>"; };
		52BF60FB2A308AD200D62731 /* WishListViewController.swift */ = {isa = PBXFileReference; lastKnownFileType = sourcecode.swift; path = WishListViewController.swift; sourceTree = "<group>"; };
		52BF60FD2A30901500D62731 /* AllHistoriesViewController.swift */ = {isa = PBXFileReference; lastKnownFileType = sourcecode.swift; path = AllHistoriesViewController.swift; sourceTree = "<group>"; };
		52BF60FF2A30A89600D62731 /* AllHistoriesCollectionViewCell.swift */ = {isa = PBXFileReference; lastKnownFileType = sourcecode.swift; path = AllHistoriesCollectionViewCell.swift; sourceTree = "<group>"; };
		52CEDAE22A457EBE00D6B645 /* FavoriteTableViewCell.swift */ = {isa = PBXFileReference; lastKnownFileType = sourcecode.swift; path = FavoriteTableViewCell.swift; sourceTree = "<group>"; };
		52DACAC12A346C73003CD8EF /* AddIdeaViewController.swift */ = {isa = PBXFileReference; lastKnownFileType = sourcecode.swift; path = AddIdeaViewController.swift; sourceTree = "<group>"; };
		52DE07A12A0BDAF60093DB06 /* DetailInfViewController.swift */ = {isa = PBXFileReference; lastKnownFileType = sourcecode.swift; path = DetailInfViewController.swift; sourceTree = "<group>"; };
		52E3E3522A2B139700CF5103 /* HomeViewController.swift */ = {isa = PBXFileReference; lastKnownFileType = sourcecode.swift; path = HomeViewController.swift; sourceTree = "<group>"; };
		52E3E3542A2B13C500CF5103 /* EmailSignUpViewController.swift */ = {isa = PBXFileReference; lastKnownFileType = sourcecode.swift; path = EmailSignUpViewController.swift; sourceTree = "<group>"; };
		52E3E3562A2B140C00CF5103 /* LogInViewController.swift */ = {isa = PBXFileReference; lastKnownFileType = sourcecode.swift; path = LogInViewController.swift; sourceTree = "<group>"; };
		52E7BE002A14BD1C00576FAB /* EntryBottomCollectionViewCell.swift */ = {isa = PBXFileReference; lastKnownFileType = sourcecode.swift; path = EntryBottomCollectionViewCell.swift; sourceTree = "<group>"; };
		52E8BC1D2A3CFD5F008D20AE /* FavoriteViewController.swift */ = {isa = PBXFileReference; lastKnownFileType = sourcecode.swift; path = FavoriteViewController.swift; sourceTree = "<group>"; };
		52ECA1F12A40452600E52D1A /* CoreLocation.framework */ = {isa = PBXFileReference; lastKnownFileType = wrapper.framework; name = CoreLocation.framework; path = System/Library/Frameworks/CoreLocation.framework; sourceTree = SDKROOT; };
		52ECA1F32A40636600E52D1A /* MapKit.framework */ = {isa = PBXFileReference; lastKnownFileType = wrapper.framework; name = MapKit.framework; path = System/Library/Frameworks/MapKit.framework; sourceTree = SDKROOT; };
		52F0D7852A053FE600112152 /* GoogleService-Info.plist */ = {isa = PBXFileReference; fileEncoding = 4; lastKnownFileType = text.plist.xml; path = "GoogleService-Info.plist"; sourceTree = "<group>"; };
		52F0D78A2A0541CA00112152 /* Categories.swift */ = {isa = PBXFileReference; lastKnownFileType = sourcecode.swift; path = Categories.swift; sourceTree = "<group>"; };
		52F0D78C2A0541FF00112152 /* Histories.swift */ = {isa = PBXFileReference; lastKnownFileType = sourcecode.swift; path = Histories.swift; sourceTree = "<group>"; };
/* End PBXFileReference section */

/* Begin PBXFrameworksBuildPhase section */
		525A968029F9575A0042DB89 /* Frameworks */ = {
			isa = PBXFrameworksBuildPhase;
			buildActionMask = 2147483647;
			files = (
				52F0D7892A05402000112152 /* FirebaseDatabase in Frameworks */,
				52ECA1F42A40636600E52D1A /* MapKit.framework in Frameworks */,
				52DACAC02A346042003CD8EF /* FirebaseFirestore in Frameworks */,
				528CC39C2A52DE7500727DA3 /* FirebaseStorage in Frameworks */,
				5298E0472A42F2490045C218 /* FirebaseAuth in Frameworks */,
			);
			runOnlyForDeploymentPostprocessing = 0;
		};
		525A969629F9575B0042DB89 /* Frameworks */ = {
			isa = PBXFrameworksBuildPhase;
			buildActionMask = 2147483647;
			files = (
			);
			runOnlyForDeploymentPostprocessing = 0;
		};
		525A96A029F9575B0042DB89 /* Frameworks */ = {
			isa = PBXFrameworksBuildPhase;
			buildActionMask = 2147483647;
			files = (
			);
			runOnlyForDeploymentPostprocessing = 0;
		};
/* End PBXFrameworksBuildPhase section */

/* Begin PBXGroup section */
		525A967A29F9575A0042DB89 = {
			isa = PBXGroup;
			children = (
				525A968529F9575A0042DB89 /* Route Istanbul */,
				525A969C29F9575B0042DB89 /* Route IstanbulTests */,
				525A96A629F9575B0042DB89 /* Route IstanbulUITests */,
				525A968429F9575A0042DB89 /* Products */,
				52BA7F5C2A278612006D5EEE /* Frameworks */,
			);
			sourceTree = "<group>";
		};
		525A968429F9575A0042DB89 /* Products */ = {
			isa = PBXGroup;
			children = (
				525A968329F9575A0042DB89 /* Route Istanbul.app */,
				525A969929F9575B0042DB89 /* Route IstanbulTests.xctest */,
				525A96A329F9575B0042DB89 /* Route IstanbulUITests.xctest */,
			);
			name = Products;
			sourceTree = "<group>";
		};
		525A968529F9575A0042DB89 /* Route Istanbul */ = {
			isa = PBXGroup;
			children = (
				52DACAC62A34701F003CD8EF /* Modals */,
				52DACAC52A346FD2003CD8EF /* TableViewCell */,
				52DACAC42A346F6A003CD8EF /* CollectionViewCell */,
				52DACAC32A346E06003CD8EF /* ViewController */,
				525A968629F9575A0042DB89 /* AppDelegate.swift */,
				525A968829F9575A0042DB89 /* SceneDelegate.swift */,
				525A968C29F9575A0042DB89 /* Main.storyboard */,
				525A968F29F9575B0042DB89 /* Assets.xcassets */,
				525A969129F9575B0042DB89 /* LaunchScreen.storyboard */,
				525A969429F9575B0042DB89 /* Info.plist */,
				52F0D7852A053FE600112152 /* GoogleService-Info.plist */,
			);
			path = "Route Istanbul";
			sourceTree = "<group>";
		};
		525A969C29F9575B0042DB89 /* Route IstanbulTests */ = {
			isa = PBXGroup;
			children = (
				525A969D29F9575B0042DB89 /* Route_IstanbulTests.swift */,
			);
			path = "Route IstanbulTests";
			sourceTree = "<group>";
		};
		525A96A629F9575B0042DB89 /* Route IstanbulUITests */ = {
			isa = PBXGroup;
			children = (
				525A96A729F9575B0042DB89 /* Route_IstanbulUITests.swift */,
				525A96A929F9575B0042DB89 /* Route_IstanbulUITestsLaunchTests.swift */,
			);
			path = "Route IstanbulUITests";
			sourceTree = "<group>";
		};
		52BA7F5C2A278612006D5EEE /* Frameworks */ = {
			isa = PBXGroup;
			children = (
				528CC3992A52D5C500727DA3 /* NaturalLanguage.framework */,
				52ECA1F32A40636600E52D1A /* MapKit.framework */,
				52ECA1F12A40452600E52D1A /* CoreLocation.framework */,
			);
			name = Frameworks;
			sourceTree = "<group>";
		};
		52DACAC32A346E06003CD8EF /* ViewController */ = {
			isa = PBXGroup;
			children = (
				52E3E3522A2B139700CF5103 /* HomeViewController.swift */,
				52E3E3542A2B13C500CF5103 /* EmailSignUpViewController.swift */,
				52E3E3562A2B140C00CF5103 /* LogInViewController.swift */,
				525A968A29F9575A0042DB89 /* EntryViewController.swift */,
				529A6F472A2DE0300090E59C /* CategoryViewController.swift */,
				52BF60FD2A30901500D62731 /* AllHistoriesViewController.swift */,
				5280ADF02A00F714002C3831 /* HistoriesByCategories.swift */,
				5280ADF22A00F728002C3831 /* HistoriesDetailViewController.swift */,
				52DE07A12A0BDAF60093DB06 /* DetailInfViewController.swift */,
				52BF60FB2A308AD200D62731 /* WishListViewController.swift */,
				52E8BC1D2A3CFD5F008D20AE /* FavoriteViewController.swift */,
				52DACAC12A346C73003CD8EF /* AddIdeaViewController.swift */,
				525043C82A3607D500DC12A8 /* CommentListViewController.swift */,
			);
			path = ViewController;
			sourceTree = "<group>";
		};
		52DACAC42A346F6A003CD8EF /* CollectionViewCell */ = {
			isa = PBXGroup;
			children = (
				525A96B829F95EF30042DB89 /* EntryUpCollectionViewCell.swift */,
				52BF60FF2A30A89600D62731 /* AllHistoriesCollectionViewCell.swift */,
				5280ADEE2A00F4A7002C3831 /* HistoriesByCategoryCollectionViewCell.swift */,
				52E7BE002A14BD1C00576FAB /* EntryBottomCollectionViewCell.swift */,
			);
			path = CollectionViewCell;
			sourceTree = "<group>";
		};
		52DACAC52A346FD2003CD8EF /* TableViewCell */ = {
			isa = PBXGroup;
			children = (
				529A6F452A2DDFAE0090E59C /* CategoriesTableViewCell.swift */,
				520637712A31DE0D004A5704 /* WishListTableViewCell.swift */,
				52CEDAE22A457EBE00D6B645 /* FavoriteTableViewCell.swift */,
				52BCD4492A3730FA00D430C5 /* IdeasTableViewCell.swift */,
			);
			path = TableViewCell;
			sourceTree = "<group>";
		};
		52DACAC62A34701F003CD8EF /* Modals */ = {
			isa = PBXGroup;
			children = (
				52F0D78C2A0541FF00112152 /* Histories.swift */,
				52F0D78A2A0541CA00112152 /* Categories.swift */,
				52BCD4432A371E7000D430C5 /* Comments.swift */,
				52BCD4452A3724C600D430C5 /* CommentConstants.swift */,
				52BCD4472A372EE800D430C5 /* Ideas.swift */,
			);
			path = Modals;
			sourceTree = "<group>";
		};
/* End PBXGroup section */

/* Begin PBXNativeTarget section */
		525A968229F9575A0042DB89 /* Route Istanbul */ = {
			isa = PBXNativeTarget;
			buildConfigurationList = 525A96AD29F9575B0042DB89 /* Build configuration list for PBXNativeTarget "Route Istanbul" */;
			buildPhases = (
				525A967F29F9575A0042DB89 /* Sources */,
				525A968029F9575A0042DB89 /* Frameworks */,
				525A968129F9575A0042DB89 /* Resources */,
			);
			buildRules = (
			);
			dependencies = (
			);
			name = "Route Istanbul";
			packageProductDependencies = (
				52F0D7882A05402000112152 /* FirebaseDatabase */,
				52DACABF2A346042003CD8EF /* FirebaseFirestore */,
				5298E0462A42F2490045C218 /* FirebaseAuth */,
				528CC39B2A52DE7500727DA3 /* FirebaseStorage */,
			);
			productName = "Route Istanbul";
			productReference = 525A968329F9575A0042DB89 /* Route Istanbul.app */;
			productType = "com.apple.product-type.application";
		};
		525A969829F9575B0042DB89 /* Route IstanbulTests */ = {
			isa = PBXNativeTarget;
			buildConfigurationList = 525A96B029F9575B0042DB89 /* Build configuration list for PBXNativeTarget "Route IstanbulTests" */;
			buildPhases = (
				525A969529F9575B0042DB89 /* Sources */,
				525A969629F9575B0042DB89 /* Frameworks */,
				525A969729F9575B0042DB89 /* Resources */,
			);
			buildRules = (
			);
			dependencies = (
				525A969B29F9575B0042DB89 /* PBXTargetDependency */,
			);
			name = "Route IstanbulTests";
			productName = "Route IstanbulTests";
			productReference = 525A969929F9575B0042DB89 /* Route IstanbulTests.xctest */;
			productType = "com.apple.product-type.bundle.unit-test";
		};
		525A96A229F9575B0042DB89 /* Route IstanbulUITests */ = {
			isa = PBXNativeTarget;
			buildConfigurationList = 525A96B329F9575B0042DB89 /* Build configuration list for PBXNativeTarget "Route IstanbulUITests" */;
			buildPhases = (
				525A969F29F9575B0042DB89 /* Sources */,
				525A96A029F9575B0042DB89 /* Frameworks */,
				525A96A129F9575B0042DB89 /* Resources */,
			);
			buildRules = (
			);
			dependencies = (
				525A96A529F9575B0042DB89 /* PBXTargetDependency */,
			);
			name = "Route IstanbulUITests";
			productName = "Route IstanbulUITests";
			productReference = 525A96A329F9575B0042DB89 /* Route IstanbulUITests.xctest */;
			productType = "com.apple.product-type.bundle.ui-testing";
		};
/* End PBXNativeTarget section */

/* Begin PBXProject section */
		525A967B29F9575A0042DB89 /* Project object */ = {
			isa = PBXProject;
			attributes = {
				BuildIndependentTargetsInParallel = 1;
				LastSwiftUpdateCheck = 1410;
				LastUpgradeCheck = 1410;
				TargetAttributes = {
					525A968229F9575A0042DB89 = {
						CreatedOnToolsVersion = 14.1;
					};
					525A969829F9575B0042DB89 = {
						CreatedOnToolsVersion = 14.1;
						TestTargetID = 525A968229F9575A0042DB89;
					};
					525A96A229F9575B0042DB89 = {
						CreatedOnToolsVersion = 14.1;
						TestTargetID = 525A968229F9575A0042DB89;
					};
				};
			};
			buildConfigurationList = 525A967E29F9575A0042DB89 /* Build configuration list for PBXProject "Route Istanbul" */;
			compatibilityVersion = "Xcode 14.0";
			developmentRegion = en;
			hasScannedForEncodings = 0;
			knownRegions = (
				en,
				Base,
			);
			mainGroup = 525A967A29F9575A0042DB89;
			packageReferences = (
				52F0D7872A05402000112152 /* XCRemoteSwiftPackageReference "firebase-ios-sdk" */,
			);
			productRefGroup = 525A968429F9575A0042DB89 /* Products */;
			projectDirPath = "";
			projectRoot = "";
			targets = (
				525A968229F9575A0042DB89 /* Route Istanbul */,
				525A969829F9575B0042DB89 /* Route IstanbulTests */,
				525A96A229F9575B0042DB89 /* Route IstanbulUITests */,
			);
		};
/* End PBXProject section */

/* Begin PBXResourcesBuildPhase section */
		525A968129F9575A0042DB89 /* Resources */ = {
			isa = PBXResourcesBuildPhase;
			buildActionMask = 2147483647;
			files = (
				525A969329F9575B0042DB89 /* LaunchScreen.storyboard in Resources */,
				52F0D7862A053FE600112152 /* GoogleService-Info.plist in Resources */,
				525A969029F9575B0042DB89 /* Assets.xcassets in Resources */,
				525A968E29F9575A0042DB89 /* Main.storyboard in Resources */,
			);
			runOnlyForDeploymentPostprocessing = 0;
		};
		525A969729F9575B0042DB89 /* Resources */ = {
			isa = PBXResourcesBuildPhase;
			buildActionMask = 2147483647;
			files = (
			);
			runOnlyForDeploymentPostprocessing = 0;
		};
		525A96A129F9575B0042DB89 /* Resources */ = {
			isa = PBXResourcesBuildPhase;
			buildActionMask = 2147483647;
			files = (
			);
			runOnlyForDeploymentPostprocessing = 0;
		};
/* End PBXResourcesBuildPhase section */

/* Begin PBXSourcesBuildPhase section */
		525A967F29F9575A0042DB89 /* Sources */ = {
			isa = PBXSourcesBuildPhase;
			buildActionMask = 2147483647;
			files = (
				529A6F462A2DDFAE0090E59C /* CategoriesTableViewCell.swift in Sources */,
				525043C92A3607D500DC12A8 /* CommentListViewController.swift in Sources */,
				52DE07A22A0BDAF60093DB06 /* DetailInfViewController.swift in Sources */,
				52E8BC1E2A3CFD5F008D20AE /* FavoriteViewController.swift in Sources */,
				52BF61002A30A89600D62731 /* AllHistoriesCollectionViewCell.swift in Sources */,
				52E3E3552A2B13C500CF5103 /* EmailSignUpViewController.swift in Sources */,
				52F0D78B2A0541CA00112152 /* Categories.swift in Sources */,
				5280ADF12A00F714002C3831 /* HistoriesByCategories.swift in Sources */,
				52F0D78D2A0541FF00112152 /* Histories.swift in Sources */,
				525A96B929F95EF30042DB89 /* EntryUpCollectionViewCell.swift in Sources */,
				5280ADEF2A00F4A7002C3831 /* HistoriesByCategoryCollectionViewCell.swift in Sources */,
				52CEDAE32A457EBE00D6B645 /* FavoriteTableViewCell.swift in Sources */,
				52E3E3572A2B140C00CF5103 /* LogInViewController.swift in Sources */,
				52BCD4442A371E7000D430C5 /* Comments.swift in Sources */,
				525A968B29F9575A0042DB89 /* EntryViewController.swift in Sources */,
				52B28F002A5F129700FA7596 /* HistoriesDetailViewController.swift in Sources */,
				52BCD44A2A3730FA00D430C5 /* IdeasTableViewCell.swift in Sources */,
				525A968729F9575A0042DB89 /* AppDelegate.swift in Sources */,
				52BF60FC2A308AD200D62731 /* WishListViewController.swift in Sources */,
				52E7BE012A14BD1C00576FAB /* EntryBottomCollectionViewCell.swift in Sources */,
				52BF60FE2A30901500D62731 /* AllHistoriesViewController.swift in Sources */,
				525A968929F9575A0042DB89 /* SceneDelegate.swift in Sources */,
				520637722A31DE0D004A5704 /* WishListTableViewCell.swift in Sources */,
				52DACAC22A346C73003CD8EF /* AddIdeaViewController.swift in Sources */,
				52BCD4482A372EE800D430C5 /* Ideas.swift in Sources */,
				52E3E3532A2B139700CF5103 /* HomeViewController.swift in Sources */,
				529A6F482A2DE0300090E59C /* CategoryViewController.swift in Sources */,
				52BCD4462A3724C600D430C5 /* CommentConstants.swift in Sources */,
			);
			runOnlyForDeploymentPostprocessing = 0;
		};
		525A969529F9575B0042DB89 /* Sources */ = {
			isa = PBXSourcesBuildPhase;
			buildActionMask = 2147483647;
			files = (
				525A969E29F9575B0042DB89 /* Route_IstanbulTests.swift in Sources */,
			);
			runOnlyForDeploymentPostprocessing = 0;
		};
		525A969F29F9575B0042DB89 /* Sources */ = {
			isa = PBXSourcesBuildPhase;
			buildActionMask = 2147483647;
			files = (
				525A96AA29F9575B0042DB89 /* Route_IstanbulUITestsLaunchTests.swift in Sources */,
				525A96A829F9575B0042DB89 /* Route_IstanbulUITests.swift in Sources */,
			);
			runOnlyForDeploymentPostprocessing = 0;
		};
/* End PBXSourcesBuildPhase section */

/* Begin PBXTargetDependency section */
		525A969B29F9575B0042DB89 /* PBXTargetDependency */ = {
			isa = PBXTargetDependency;
			target = 525A968229F9575A0042DB89 /* Route Istanbul */;
			targetProxy = 525A969A29F9575B0042DB89 /* PBXContainerItemProxy */;
		};
		525A96A529F9575B0042DB89 /* PBXTargetDependency */ = {
			isa = PBXTargetDependency;
			target = 525A968229F9575A0042DB89 /* Route Istanbul */;
			targetProxy = 525A96A429F9575B0042DB89 /* PBXContainerItemProxy */;
		};
/* End PBXTargetDependency section */

/* Begin PBXVariantGroup section */
		525A968C29F9575A0042DB89 /* Main.storyboard */ = {
			isa = PBXVariantGroup;
			children = (
				525A968D29F9575A0042DB89 /* Base */,
			);
			name = Main.storyboard;
			sourceTree = "<group>";
		};
		525A969129F9575B0042DB89 /* LaunchScreen.storyboard */ = {
			isa = PBXVariantGroup;
			children = (
				525A969229F9575B0042DB89 /* Base */,
			);
			name = LaunchScreen.storyboard;
			sourceTree = "<group>";
		};
/* End PBXVariantGroup section */

/* Begin XCBuildConfiguration section */
		525A96AB29F9575B0042DB89 /* Debug */ = {
			isa = XCBuildConfiguration;
			buildSettings = {
				ALWAYS_SEARCH_USER_PATHS = NO;
				CLANG_ANALYZER_NONNULL = YES;
				CLANG_ANALYZER_NUMBER_OBJECT_CONVERSION = YES_AGGRESSIVE;
				CLANG_CXX_LANGUAGE_STANDARD = "gnu++20";
				CLANG_ENABLE_MODULES = YES;
				CLANG_ENABLE_OBJC_ARC = YES;
				CLANG_ENABLE_OBJC_WEAK = YES;
				CLANG_WARN_BLOCK_CAPTURE_AUTORELEASING = YES;
				CLANG_WARN_BOOL_CONVERSION = YES;
				CLANG_WARN_COMMA = YES;
				CLANG_WARN_CONSTANT_CONVERSION = YES;
				CLANG_WARN_DEPRECATED_OBJC_IMPLEMENTATIONS = YES;
				CLANG_WARN_DIRECT_OBJC_ISA_USAGE = YES_ERROR;
				CLANG_WARN_DOCUMENTATION_COMMENTS = YES;
				CLANG_WARN_EMPTY_BODY = YES;
				CLANG_WARN_ENUM_CONVERSION = YES;
				CLANG_WARN_INFINITE_RECURSION = YES;
				CLANG_WARN_INT_CONVERSION = YES;
				CLANG_WARN_NON_LITERAL_NULL_CONVERSION = YES;
				CLANG_WARN_OBJC_IMPLICIT_RETAIN_SELF = YES;
				CLANG_WARN_OBJC_LITERAL_CONVERSION = YES;
				CLANG_WARN_OBJC_ROOT_CLASS = YES_ERROR;
				CLANG_WARN_QUOTED_INCLUDE_IN_FRAMEWORK_HEADER = YES;
				CLANG_WARN_RANGE_LOOP_ANALYSIS = YES;
				CLANG_WARN_STRICT_PROTOTYPES = YES;
				CLANG_WARN_SUSPICIOUS_MOVE = YES;
				CLANG_WARN_UNGUARDED_AVAILABILITY = YES_AGGRESSIVE;
				CLANG_WARN_UNREACHABLE_CODE = YES;
				CLANG_WARN__DUPLICATE_METHOD_MATCH = YES;
				COPY_PHASE_STRIP = NO;
				DEBUG_INFORMATION_FORMAT = dwarf;
				ENABLE_STRICT_OBJC_MSGSEND = YES;
				ENABLE_TESTABILITY = YES;
				GCC_C_LANGUAGE_STANDARD = gnu11;
				GCC_DYNAMIC_NO_PIC = NO;
				GCC_NO_COMMON_BLOCKS = YES;
				GCC_OPTIMIZATION_LEVEL = 0;
				GCC_PREPROCESSOR_DEFINITIONS = (
					"DEBUG=1",
					"$(inherited)",
				);
				GCC_WARN_64_TO_32_BIT_CONVERSION = YES;
				GCC_WARN_ABOUT_RETURN_TYPE = YES_ERROR;
				GCC_WARN_UNDECLARED_SELECTOR = YES;
				GCC_WARN_UNINITIALIZED_AUTOS = YES_AGGRESSIVE;
				GCC_WARN_UNUSED_FUNCTION = YES;
				GCC_WARN_UNUSED_VARIABLE = YES;
				IPHONEOS_DEPLOYMENT_TARGET = 16.1;
				MTL_ENABLE_DEBUG_INFO = INCLUDE_SOURCE;
				MTL_FAST_MATH = YES;
				ONLY_ACTIVE_ARCH = YES;
				SDKROOT = iphoneos;
				SWIFT_ACTIVE_COMPILATION_CONDITIONS = DEBUG;
				SWIFT_OPTIMIZATION_LEVEL = "-Onone";
			};
			name = Debug;
		};
		525A96AC29F9575B0042DB89 /* Release */ = {
			isa = XCBuildConfiguration;
			buildSettings = {
				ALWAYS_SEARCH_USER_PATHS = NO;
				CLANG_ANALYZER_NONNULL = YES;
				CLANG_ANALYZER_NUMBER_OBJECT_CONVERSION = YES_AGGRESSIVE;
				CLANG_CXX_LANGUAGE_STANDARD = "gnu++20";
				CLANG_ENABLE_MODULES = YES;
				CLANG_ENABLE_OBJC_ARC = YES;
				CLANG_ENABLE_OBJC_WEAK = YES;
				CLANG_WARN_BLOCK_CAPTURE_AUTORELEASING = YES;
				CLANG_WARN_BOOL_CONVERSION = YES;
				CLANG_WARN_COMMA = YES;
				CLANG_WARN_CONSTANT_CONVERSION = YES;
				CLANG_WARN_DEPRECATED_OBJC_IMPLEMENTATIONS = YES;
				CLANG_WARN_DIRECT_OBJC_ISA_USAGE = YES_ERROR;
				CLANG_WARN_DOCUMENTATION_COMMENTS = YES;
				CLANG_WARN_EMPTY_BODY = YES;
				CLANG_WARN_ENUM_CONVERSION = YES;
				CLANG_WARN_INFINITE_RECURSION = YES;
				CLANG_WARN_INT_CONVERSION = YES;
				CLANG_WARN_NON_LITERAL_NULL_CONVERSION = YES;
				CLANG_WARN_OBJC_IMPLICIT_RETAIN_SELF = YES;
				CLANG_WARN_OBJC_LITERAL_CONVERSION = YES;
				CLANG_WARN_OBJC_ROOT_CLASS = YES_ERROR;
				CLANG_WARN_QUOTED_INCLUDE_IN_FRAMEWORK_HEADER = YES;
				CLANG_WARN_RANGE_LOOP_ANALYSIS = YES;
				CLANG_WARN_STRICT_PROTOTYPES = YES;
				CLANG_WARN_SUSPICIOUS_MOVE = YES;
				CLANG_WARN_UNGUARDED_AVAILABILITY = YES_AGGRESSIVE;
				CLANG_WARN_UNREACHABLE_CODE = YES;
				CLANG_WARN__DUPLICATE_METHOD_MATCH = YES;
				COPY_PHASE_STRIP = NO;
				DEBUG_INFORMATION_FORMAT = "dwarf-with-dsym";
				ENABLE_NS_ASSERTIONS = NO;
				ENABLE_STRICT_OBJC_MSGSEND = YES;
				GCC_C_LANGUAGE_STANDARD = gnu11;
				GCC_NO_COMMON_BLOCKS = YES;
				GCC_WARN_64_TO_32_BIT_CONVERSION = YES;
				GCC_WARN_ABOUT_RETURN_TYPE = YES_ERROR;
				GCC_WARN_UNDECLARED_SELECTOR = YES;
				GCC_WARN_UNINITIALIZED_AUTOS = YES_AGGRESSIVE;
				GCC_WARN_UNUSED_FUNCTION = YES;
				GCC_WARN_UNUSED_VARIABLE = YES;
				IPHONEOS_DEPLOYMENT_TARGET = 16.1;
				MTL_ENABLE_DEBUG_INFO = NO;
				MTL_FAST_MATH = YES;
				SDKROOT = iphoneos;
				SWIFT_COMPILATION_MODE = wholemodule;
				SWIFT_OPTIMIZATION_LEVEL = "-O";
				VALIDATE_PRODUCT = YES;
			};
			name = Release;
		};
		525A96AE29F9575B0042DB89 /* Debug */ = {
			isa = XCBuildConfiguration;
			buildSettings = {
				ASSETCATALOG_COMPILER_APPICON_NAME = AppIcon;
				ASSETCATALOG_COMPILER_GLOBAL_ACCENT_COLOR_NAME = AccentColor;
				CODE_SIGN_STYLE = Automatic;
				CURRENT_PROJECT_VERSION = 1;
				GENERATE_INFOPLIST_FILE = YES;
				INFOPLIST_FILE = "Route Istanbul/Info.plist";
				INFOPLIST_KEY_UIApplicationSupportsIndirectInputEvents = YES;
				INFOPLIST_KEY_UILaunchStoryboardName = LaunchScreen;
				INFOPLIST_KEY_UIMainStoryboardFile = Main;
				INFOPLIST_KEY_UISupportedInterfaceOrientations_iPad = "UIInterfaceOrientationPortrait UIInterfaceOrientationPortraitUpsideDown UIInterfaceOrientationLandscapeLeft UIInterfaceOrientationLandscapeRight";
				INFOPLIST_KEY_UISupportedInterfaceOrientations_iPhone = "UIInterfaceOrientationPortrait UIInterfaceOrientationLandscapeLeft UIInterfaceOrientationLandscapeRight";
				LD_RUNPATH_SEARCH_PATHS = (
					"$(inherited)",
					"@executable_path/Frameworks",
				);
				MARKETING_VERSION = 1.0;
				PRODUCT_BUNDLE_IDENTIFIER = "oyku.Route-Istanbul";
				PRODUCT_NAME = "$(TARGET_NAME)";
				SWIFT_EMIT_LOC_STRINGS = YES;
				SWIFT_VERSION = 5.0;
				TARGETED_DEVICE_FAMILY = "1,2";
			};
			name = Debug;
		};
		525A96AF29F9575B0042DB89 /* Release */ = {
			isa = XCBuildConfiguration;
			buildSettings = {
				ASSETCATALOG_COMPILER_APPICON_NAME = AppIcon;
				ASSETCATALOG_COMPILER_GLOBAL_ACCENT_COLOR_NAME = AccentColor;
				CODE_SIGN_STYLE = Automatic;
				CURRENT_PROJECT_VERSION = 1;
				GENERATE_INFOPLIST_FILE = YES;
				INFOPLIST_FILE = "Route Istanbul/Info.plist";
				INFOPLIST_KEY_UIApplicationSupportsIndirectInputEvents = YES;
				INFOPLIST_KEY_UILaunchStoryboardName = LaunchScreen;
				INFOPLIST_KEY_UIMainStoryboardFile = Main;
				INFOPLIST_KEY_UISupportedInterfaceOrientations_iPad = "UIInterfaceOrientationPortrait UIInterfaceOrientationPortraitUpsideDown UIInterfaceOrientationLandscapeLeft UIInterfaceOrientationLandscapeRight";
				INFOPLIST_KEY_UISupportedInterfaceOrientations_iPhone = "UIInterfaceOrientationPortrait UIInterfaceOrientationLandscapeLeft UIInterfaceOrientationLandscapeRight";
				LD_RUNPATH_SEARCH_PATHS = (
					"$(inherited)",
					"@executable_path/Frameworks",
				);
				MARKETING_VERSION = 1.0;
				PRODUCT_BUNDLE_IDENTIFIER = "oyku.Route-Istanbul";
				PRODUCT_NAME = "$(TARGET_NAME)";
				SWIFT_EMIT_LOC_STRINGS = YES;
				SWIFT_VERSION = 5.0;
				TARGETED_DEVICE_FAMILY = "1,2";
			};
			name = Release;
		};
		525A96B129F9575B0042DB89 /* Debug */ = {
			isa = XCBuildConfiguration;
			buildSettings = {
				ALWAYS_EMBED_SWIFT_STANDARD_LIBRARIES = YES;
				BUNDLE_LOADER = "$(TEST_HOST)";
				CODE_SIGN_STYLE = Automatic;
				CURRENT_PROJECT_VERSION = 1;
				GENERATE_INFOPLIST_FILE = YES;
				IPHONEOS_DEPLOYMENT_TARGET = 16.1;
				MARKETING_VERSION = 1.0;
				PRODUCT_BUNDLE_IDENTIFIER = "oyku.Route-IstanbulTests";
				PRODUCT_NAME = "$(TARGET_NAME)";
				SWIFT_EMIT_LOC_STRINGS = NO;
				SWIFT_VERSION = 5.0;
				TARGETED_DEVICE_FAMILY = "1,2";
				TEST_HOST = "$(BUILT_PRODUCTS_DIR)/Route Istanbul.app/$(BUNDLE_EXECUTABLE_FOLDER_PATH)/Route Istanbul";
			};
			name = Debug;
		};
		525A96B229F9575B0042DB89 /* Release */ = {
			isa = XCBuildConfiguration;
			buildSettings = {
				ALWAYS_EMBED_SWIFT_STANDARD_LIBRARIES = YES;
				BUNDLE_LOADER = "$(TEST_HOST)";
				CODE_SIGN_STYLE = Automatic;
				CURRENT_PROJECT_VERSION = 1;
				GENERATE_INFOPLIST_FILE = YES;
				IPHONEOS_DEPLOYMENT_TARGET = 16.1;
				MARKETING_VERSION = 1.0;
				PRODUCT_BUNDLE_IDENTIFIER = "oyku.Route-IstanbulTests";
				PRODUCT_NAME = "$(TARGET_NAME)";
				SWIFT_EMIT_LOC_STRINGS = NO;
				SWIFT_VERSION = 5.0;
				TARGETED_DEVICE_FAMILY = "1,2";
				TEST_HOST = "$(BUILT_PRODUCTS_DIR)/Route Istanbul.app/$(BUNDLE_EXECUTABLE_FOLDER_PATH)/Route Istanbul";
			};
			name = Release;
		};
		525A96B429F9575B0042DB89 /* Debug */ = {
			isa = XCBuildConfiguration;
			buildSettings = {
				ALWAYS_EMBED_SWIFT_STANDARD_LIBRARIES = YES;
				CODE_SIGN_STYLE = Automatic;
				CURRENT_PROJECT_VERSION = 1;
				GENERATE_INFOPLIST_FILE = YES;
				MARKETING_VERSION = 1.0;
				PRODUCT_BUNDLE_IDENTIFIER = "oyku.Route-IstanbulUITests";
				PRODUCT_NAME = "$(TARGET_NAME)";
				SWIFT_EMIT_LOC_STRINGS = NO;
				SWIFT_VERSION = 5.0;
				TARGETED_DEVICE_FAMILY = "1,2";
				TEST_TARGET_NAME = "Route Istanbul";
			};
			name = Debug;
		};
		525A96B529F9575B0042DB89 /* Release */ = {
			isa = XCBuildConfiguration;
			buildSettings = {
				ALWAYS_EMBED_SWIFT_STANDARD_LIBRARIES = YES;
				CODE_SIGN_STYLE = Automatic;
				CURRENT_PROJECT_VERSION = 1;
				GENERATE_INFOPLIST_FILE = YES;
				MARKETING_VERSION = 1.0;
				PRODUCT_BUNDLE_IDENTIFIER = "oyku.Route-IstanbulUITests";
				PRODUCT_NAME = "$(TARGET_NAME)";
				SWIFT_EMIT_LOC_STRINGS = NO;
				SWIFT_VERSION = 5.0;
				TARGETED_DEVICE_FAMILY = "1,2";
				TEST_TARGET_NAME = "Route Istanbul";
			};
			name = Release;
		};
/* End XCBuildConfiguration section */

/* Begin XCConfigurationList section */
		525A967E29F9575A0042DB89 /* Build configuration list for PBXProject "Route Istanbul" */ = {
			isa = XCConfigurationList;
			buildConfigurations = (
				525A96AB29F9575B0042DB89 /* Debug */,
				525A96AC29F9575B0042DB89 /* Release */,
			);
			defaultConfigurationIsVisible = 0;
			defaultConfigurationName = Release;
		};
		525A96AD29F9575B0042DB89 /* Build configuration list for PBXNativeTarget "Route Istanbul" */ = {
			isa = XCConfigurationList;
			buildConfigurations = (
				525A96AE29F9575B0042DB89 /* Debug */,
				525A96AF29F9575B0042DB89 /* Release */,
			);
			defaultConfigurationIsVisible = 0;
			defaultConfigurationName = Release;
		};
		525A96B029F9575B0042DB89 /* Build configuration list for PBXNativeTarget "Route IstanbulTests" */ = {
			isa = XCConfigurationList;
			buildConfigurations = (
				525A96B129F9575B0042DB89 /* Debug */,
				525A96B229F9575B0042DB89 /* Release */,
			);
			defaultConfigurationIsVisible = 0;
			defaultConfigurationName = Release;
		};
		525A96B329F9575B0042DB89 /* Build configuration list for PBXNativeTarget "Route IstanbulUITests" */ = {
			isa = XCConfigurationList;
			buildConfigurations = (
				525A96B429F9575B0042DB89 /* Debug */,
				525A96B529F9575B0042DB89 /* Release */,
			);
			defaultConfigurationIsVisible = 0;
			defaultConfigurationName = Release;
		};
/* End XCConfigurationList section */

/* Begin XCRemoteSwiftPackageReference section */
		52F0D7872A05402000112152 /* XCRemoteSwiftPackageReference "firebase-ios-sdk" */ = {
			isa = XCRemoteSwiftPackageReference;
			repositoryURL = "https://github.com/firebase/firebase-ios-sdk";
			requirement = {
				kind = upToNextMajorVersion;
				minimumVersion = 10.0.0;
			};
		};
/* End XCRemoteSwiftPackageReference section */

/* Begin XCSwiftPackageProductDependency section */
		528CC39B2A52DE7500727DA3 /* FirebaseStorage */ = {
			isa = XCSwiftPackageProductDependency;
			package = 52F0D7872A05402000112152 /* XCRemoteSwiftPackageReference "firebase-ios-sdk" */;
			productName = FirebaseStorage;
		};
		5298E0462A42F2490045C218 /* FirebaseAuth */ = {
			isa = XCSwiftPackageProductDependency;
			package = 52F0D7872A05402000112152 /* XCRemoteSwiftPackageReference "firebase-ios-sdk" */;
			productName = FirebaseAuth;
		};
		52DACABF2A346042003CD8EF /* FirebaseFirestore */ = {
			isa = XCSwiftPackageProductDependency;
			package = 52F0D7872A05402000112152 /* XCRemoteSwiftPackageReference "firebase-ios-sdk" */;
			productName = FirebaseFirestore;
		};
		52F0D7882A05402000112152 /* FirebaseDatabase */ = {
			isa = XCSwiftPackageProductDependency;
			package = 52F0D7872A05402000112152 /* XCRemoteSwiftPackageReference "firebase-ios-sdk" */;
			productName = FirebaseDatabase;
		};
/* End XCSwiftPackageProductDependency section */
	};
	rootObject = 525A967B29F9575A0042DB89 /* Project object */;
}
